
Microsoft Visual Studio Solution File, Format Version 12.00
# Visual Studio Version 16
VisualStudioVersion = 16.0.30517.126
MinimumVisualStudioVersion = 10.0.40219.1
Project("{FAE04EC0-301F-11D3-BF4B-00C04F79EFBC}") = "Whileloop", "Whileloop\Whileloop.csproj", "{03D622BF-C924-404B-9976-3B994D5BCC3F}"
EndProject
Project("{FAE04EC0-301F-11D3-BF4B-00C04F79EFBC}") = "PINValidationThreeTries", "PINValidationThreeTries\PINValidationThreeTries.csproj", "{FC0DF73C-5D33-4422-85A5-5B143A51F38B}"
EndProject
Project("{FAE04EC0-301F-11D3-BF4B-00C04F79EFBC}") = "LoginValidation", "LoginValidation\LoginValidation.csproj", "{30D013B7-3B80-4837-8A5D-20E9A97D83BB}"
EndProject
Global
	GlobalSection(SolutionConfigurationPlatforms) = preSolution
		Debug|Any CPU = Debug|Any CPU
		Release|Any CPU = Release|Any CPU
	EndGlobalSection
	GlobalSection(ProjectConfigurationPlatforms) = postSolution
		{03D622BF-C924-404B-9976-3B994D5BCC3F}.Debug|Any CPU.ActiveCfg = Debug|Any CPU
		{03D622BF-C924-404B-9976-3B994D5BCC3F}.Debug|Any CPU.Build.0 = Debug|Any CPU
		{03D622BF-C924-404B-9976-3B994D5BCC3F}.Release|Any CPU.ActiveCfg = Release|Any CPU
		{03D622BF-C924-404B-9976-3B994D5BCC3F}.Release|Any CPU.Build.0 = Release|Any CPU
		{FC0DF73C-5D33-4422-85A5-5B143A51F38B}.Debug|Any CPU.ActiveCfg = Debug|Any CPU
		{FC0DF73C-5D33-4422-85A5-5B143A51F38B}.Debug|Any CPU.Build.0 = Debug|Any CPU
		{FC0DF73C-5D33-4422-85A5-5B143A51F38B}.Release|Any CPU.ActiveCfg = Release|Any CPU
		{FC0DF73C-5D33-4422-85A5-5B143A51F38B}.Release|Any CPU.Build.0 = Release|Any CPU
		{30D013B7-3B80-4837-8A5D-20E9A97D83BB}.Debug|Any CPU.ActiveCfg = Debug|Any CPU
		{30D013B7-3B80-4837-8A5D-20E9A97D83BB}.Debug|Any CPU.Build.0 = Debug|Any CPU
		{30D013B7-3B80-4837-8A5D-20E9A97D83BB}.Release|Any CPU.ActiveCfg = Release|Any CPU
		{30D013B7-3B80-4837-8A5D-20E9A97D83BB}.Release|Any CPU.Build.0 = Release|Any CPU
	EndGlobalSection
	GlobalSection(SolutionProperties) = preSolution
		HideSolutionNode = FALSE
	EndGlobalSection
	GlobalSection(ExtensibilityGlobals) = postSolution
		SolutionGuid = {8225C401-5154-494E-BC6F-583D33410FBB}
	EndGlobalSection
EndGlobal
